// !$*UTF8*$!
{
	archiveVersion = 1;
	classes = {
	};
	objectVersion = 50;
	objects = {

/* Begin PBXBuildFile section */
		675F0276C6B607A7D07870BC /* Pods_Testing1.framework in Frameworks */ = {isa = PBXBuildFile; fileRef = 5D0C02CB0B97762ADB7B5499 /* Pods_Testing1.framework */; };
		904FBEEB219C1959000BD123 /* AppDelegate.swift in Sources */ = {isa = PBXBuildFile; fileRef = 904FBEEA219C1959000BD123 /* AppDelegate.swift */; };
		904FBEED219C1959000BD123 /* ViewController.swift in Sources */ = {isa = PBXBuildFile; fileRef = 904FBEEC219C1959000BD123 /* ViewController.swift */; };
		904FBEF0219C1959000BD123 /* Main.storyboard in Resources */ = {isa = PBXBuildFile; fileRef = 904FBEEE219C1959000BD123 /* Main.storyboard */; };
		904FBEF3219C1959000BD123 /* Testing1.xcdatamodeld in Sources */ = {isa = PBXBuildFile; fileRef = 904FBEF1219C1959000BD123 /* Testing1.xcdatamodeld */; };
		904FBEF5219C195E000BD123 /* Assets.xcassets in Resources */ = {isa = PBXBuildFile; fileRef = 904FBEF4219C195E000BD123 /* Assets.xcassets */; };
		904FBEF8219C195E000BD123 /* LaunchScreen.storyboard in Resources */ = {isa = PBXBuildFile; fileRef = 904FBEF6219C195E000BD123 /* LaunchScreen.storyboard */; };
		90BD35DC21A1899500782DD0 /* SequencerManager.swift in Sources */ = {isa = PBXBuildFile; fileRef = 90BD35DB21A1899500782DD0 /* SequencerManager.swift */; };
		90BD35F621A1CD0400782DD0 /* playbt@3x.png in Resources */ = {isa = PBXBuildFile; fileRef = 90BD35DE21A1CD0200782DD0 /* playbt@3x.png */; };
		90BD35F721A1CD0400782DD0 /* exportbt.png in Resources */ = {isa = PBXBuildFile; fileRef = 90BD35DF21A1CD0200782DD0 /* exportbt.png */; };
		90BD35F821A1CD0400782DD0 /* Bg2.png in Resources */ = {isa = PBXBuildFile; fileRef = 90BD35E021A1CD0200782DD0 /* Bg2.png */; };
		90BD35F921A1CD0400782DD0 /* playbt.png in Resources */ = {isa = PBXBuildFile; fileRef = 90BD35E121A1CD0200782DD0 /* playbt.png */; };
		90BD35FA21A1CD0400782DD0 /* Background@3x.png in Resources */ = {isa = PBXBuildFile; fileRef = 90BD35E221A1CD0200782DD0 /* Background@3x.png */; };
		90BD35FB21A1CD0400782DD0 /* Bg2@2x.png in Resources */ = {isa = PBXBuildFile; fileRef = 90BD35E321A1CD0200782DD0 /* Bg2@2x.png */; };
		90BD35FC21A1CD0400782DD0 /* Launchscreen@3x.png in Resources */ = {isa = PBXBuildFile; fileRef = 90BD35E421A1CD0200782DD0 /* Launchscreen@3x.png */; };
		90BD35FD21A1CD0400782DD0 /* RecordPic.png in Resources */ = {isa = PBXBuildFile; fileRef = 90BD35E521A1CD0200782DD0 /* RecordPic.png */; };
		90BD35FE21A1CD0400782DD0 /* Background@2x.png in Resources */ = {isa = PBXBuildFile; fileRef = 90BD35E621A1CD0200782DD0 /* Background@2x.png */; };
		90BD35FF21A1CD0400782DD0 /* RecordingBt@2x.png in Resources */ = {isa = PBXBuildFile; fileRef = 90BD35E721A1CD0300782DD0 /* RecordingBt@2x.png */; };
		90BD360021A1CD0400782DD0 /* playbt@2x.png in Resources */ = {isa = PBXBuildFile; fileRef = 90BD35E821A1CD0300782DD0 /* playbt@2x.png */; };
		90BD360121A1CD0400782DD0 /* retrybt@3x.png in Resources */ = {isa = PBXBuildFile; fileRef = 90BD35E921A1CD0300782DD0 /* retrybt@3x.png */; };
		90BD360221A1CD0400782DD0 /* exportbt@2x.png in Resources */ = {isa = PBXBuildFile; fileRef = 90BD35EA21A1CD0300782DD0 /* exportbt@2x.png */; };
		90BD360321A1CD0400782DD0 /* RecordPic@3x.png in Resources */ = {isa = PBXBuildFile; fileRef = 90BD35EB21A1CD0300782DD0 /* RecordPic@3x.png */; };
		90BD360421A1CD0400782DD0 /* Background.png in Resources */ = {isa = PBXBuildFile; fileRef = 90BD35EC21A1CD0300782DD0 /* Background.png */; };
		90BD360521A1CD0400782DD0 /* RecordPic@2x.png in Resources */ = {isa = PBXBuildFile; fileRef = 90BD35ED21A1CD0300782DD0 /* RecordPic@2x.png */; };
		90BD360621A1CD0400782DD0 /* retrybt@2x.png in Resources */ = {isa = PBXBuildFile; fileRef = 90BD35EE21A1CD0300782DD0 /* retrybt@2x.png */; };
		90BD360721A1CD0400782DD0 /* Launchscreen.png in Resources */ = {isa = PBXBuildFile; fileRef = 90BD35EF21A1CD0300782DD0 /* Launchscreen.png */; };
		90BD360821A1CD0400782DD0 /* exportbt@3x.png in Resources */ = {isa = PBXBuildFile; fileRef = 90BD35F021A1CD0300782DD0 /* exportbt@3x.png */; };
		90BD360921A1CD0400782DD0 /* Bg2@3x.png in Resources */ = {isa = PBXBuildFile; fileRef = 90BD35F121A1CD0300782DD0 /* Bg2@3x.png */; };
		90BD360A21A1CD0400782DD0 /* RecordingBt.png in Resources */ = {isa = PBXBuildFile; fileRef = 90BD35F221A1CD0300782DD0 /* RecordingBt.png */; };
		90BD360B21A1CD0400782DD0 /* Launchscreen@2x.png in Resources */ = {isa = PBXBuildFile; fileRef = 90BD35F321A1CD0400782DD0 /* Launchscreen@2x.png */; };
		90BD360C21A1CD0400782DD0 /* RecordingBt@3x.png in Resources */ = {isa = PBXBuildFile; fileRef = 90BD35F421A1CD0400782DD0 /* RecordingBt@3x.png */; };
		90BD360D21A1CD0400782DD0 /* retrybt.png in Resources */ = {isa = PBXBuildFile; fileRef = 90BD35F521A1CD0400782DD0 /* retrybt.png */; };
		90BD361121A1CEFC00782DD0 /* icon.png in Resources */ = {isa = PBXBuildFile; fileRef = 90BD360E21A1CEFC00782DD0 /* icon.png */; };
		90BD361221A1CEFC00782DD0 /* icon@2x.png in Resources */ = {isa = PBXBuildFile; fileRef = 90BD360F21A1CEFC00782DD0 /* icon@2x.png */; };
		90BD361321A1CEFC00782DD0 /* icon@3x.png in Resources */ = {isa = PBXBuildFile; fileRef = 90BD361021A1CEFC00782DD0 /* icon@3x.png */; };
		90BD361721A1F05600782DD0 /* micpic@2x.png in Resources */ = {isa = PBXBuildFile; fileRef = 90BD361421A1F05500782DD0 /* micpic@2x.png */; };
		90BD361821A1F05600782DD0 /* micpic@3x.png in Resources */ = {isa = PBXBuildFile; fileRef = 90BD361521A1F05600782DD0 /* micpic@3x.png */; };
		90BD361921A1F05600782DD0 /* micpic.png in Resources */ = {isa = PBXBuildFile; fileRef = 90BD361621A1F05600782DD0 /* micpic.png */; };
		90BD367021A1F34300782DD0 /* Icon-App-57x57@1x.png in Resources */ = {isa = PBXBuildFile; fileRef = 90BD365821A1F34200782DD0 /* Icon-App-57x57@1x.png */; };
		90BD367121A1F34300782DD0 /* Icon-App-76x76@2x.png in Resources */ = {isa = PBXBuildFile; fileRef = 90BD365921A1F34200782DD0 /* Icon-App-76x76@2x.png */; };
		90BD367221A1F34300782DD0 /* Icon-App-29x29@1x.png in Resources */ = {isa = PBXBuildFile; fileRef = 90BD365A21A1F34200782DD0 /* Icon-App-29x29@1x.png */; };
		90BD367321A1F34300782DD0 /* Icon-App-60x60@1x.png in Resources */ = {isa = PBXBuildFile; fileRef = 90BD365B21A1F34200782DD0 /* Icon-App-60x60@1x.png */; };
		90BD367421A1F34300782DD0 /* Icon-Small-50x50@2x.png in Resources */ = {isa = PBXBuildFile; fileRef = 90BD365C21A1F34200782DD0 /* Icon-Small-50x50@2x.png */; };
		90BD367521A1F34300782DD0 /* Icon-App-40x40@1x.png in Resources */ = {isa = PBXBuildFile; fileRef = 90BD365D21A1F34200782DD0 /* Icon-App-40x40@1x.png */; };
		90BD367621A1F34300782DD0 /* Icon-App-76x76@3x.png in Resources */ = {isa = PBXBuildFile; fileRef = 90BD365E21A1F34200782DD0 /* Icon-App-76x76@3x.png */; };
		90BD367721A1F34300782DD0 /* Icon-App-72x72@1x.png in Resources */ = {isa = PBXBuildFile; fileRef = 90BD365F21A1F34200782DD0 /* Icon-App-72x72@1x.png */; };
		90BD367821A1F34300782DD0 /* Icon-App-20x20@1x.png in Resources */ = {isa = PBXBuildFile; fileRef = 90BD366021A1F34200782DD0 /* Icon-App-20x20@1x.png */; };
		90BD367921A1F34300782DD0 /* Icon-App-83.5x83.5@2x.png in Resources */ = {isa = PBXBuildFile; fileRef = 90BD366121A1F34200782DD0 /* Icon-App-83.5x83.5@2x.png */; };
		90BD367A21A1F34300782DD0 /* Icon-App-20x20@3x.png in Resources */ = {isa = PBXBuildFile; fileRef = 90BD366221A1F34200782DD0 /* Icon-App-20x20@3x.png */; };
		90BD367B21A1F34300782DD0 /* ItunesArtwork@2x.png in Resources */ = {isa = PBXBuildFile; fileRef = 90BD366321A1F34200782DD0 /* ItunesArtwork@2x.png */; };
		90BD367C21A1F34300782DD0 /* Contents.json in Resources */ = {isa = PBXBuildFile; fileRef = 90BD366421A1F34200782DD0 /* Contents.json */; };
		90BD367D21A1F34300782DD0 /* Icon-App-20x20@2x.png in Resources */ = {isa = PBXBuildFile; fileRef = 90BD366521A1F34200782DD0 /* Icon-App-20x20@2x.png */; };
		90BD367E21A1F34300782DD0 /* Icon-App-29x29@3x.png in Resources */ = {isa = PBXBuildFile; fileRef = 90BD366621A1F34200782DD0 /* Icon-App-29x29@3x.png */; };
		90BD367F21A1F34300782DD0 /* Icon-App-40x40@2x.png in Resources */ = {isa = PBXBuildFile; fileRef = 90BD366721A1F34200782DD0 /* Icon-App-40x40@2x.png */; };
		90BD368021A1F34300782DD0 /* Icon-App-72x72@2x.png in Resources */ = {isa = PBXBuildFile; fileRef = 90BD366821A1F34200782DD0 /* Icon-App-72x72@2x.png */; };
		90BD368121A1F34300782DD0 /* Icon-App-60x60@3x.png in Resources */ = {isa = PBXBuildFile; fileRef = 90BD366921A1F34200782DD0 /* Icon-App-60x60@3x.png */; };
		90BD368221A1F34300782DD0 /* Icon-Small-50x50@1x.png in Resources */ = {isa = PBXBuildFile; fileRef = 90BD366A21A1F34200782DD0 /* Icon-Small-50x50@1x.png */; };
		90BD368321A1F34300782DD0 /* Icon-App-60x60@2x.png in Resources */ = {isa = PBXBuildFile; fileRef = 90BD366B21A1F34200782DD0 /* Icon-App-60x60@2x.png */; };
		90BD368421A1F34300782DD0 /* Icon-App-57x57@2x.png in Resources */ = {isa = PBXBuildFile; fileRef = 90BD366C21A1F34200782DD0 /* Icon-App-57x57@2x.png */; };
		90BD368521A1F34300782DD0 /* Icon-App-76x76@1x.png in Resources */ = {isa = PBXBuildFile; fileRef = 90BD366D21A1F34200782DD0 /* Icon-App-76x76@1x.png */; };
		90BD368621A1F34300782DD0 /* Icon-App-40x40@3x.png in Resources */ = {isa = PBXBuildFile; fileRef = 90BD366E21A1F34200782DD0 /* Icon-App-40x40@3x.png */; };
		90BD368721A1F34300782DD0 /* Icon-App-29x29@2x.png in Resources */ = {isa = PBXBuildFile; fileRef = 90BD366F21A1F34200782DD0 /* Icon-App-29x29@2x.png */; };
/* End PBXBuildFile section */

/* Begin PBXFileReference section */
		5D0C02CB0B97762ADB7B5499 /* Pods_Testing1.framework */ = {isa = PBXFileReference; explicitFileType = wrapper.framework; includeInIndex = 0; path = Pods_Testing1.framework; sourceTree = BUILT_PRODUCTS_DIR; };
		7AC9B5D698C6C014C54E934B /* Pods-Testing1.debug.xcconfig */ = {isa = PBXFileReference; includeInIndex = 1; lastKnownFileType = text.xcconfig; name = "Pods-Testing1.debug.xcconfig"; path = "Pods/Target Support Files/Pods-Testing1/Pods-Testing1.debug.xcconfig"; sourceTree = "<group>"; };
		904FBEE7219C1959000BD123 /* Testing1.app */ = {isa = PBXFileReference; explicitFileType = wrapper.application; includeInIndex = 0; path = Testing1.app; sourceTree = BUILT_PRODUCTS_DIR; };
		904FBEEA219C1959000BD123 /* AppDelegate.swift */ = {isa = PBXFileReference; lastKnownFileType = sourcecode.swift; path = AppDelegate.swift; sourceTree = "<group>"; };
		904FBEEC219C1959000BD123 /* ViewController.swift */ = {isa = PBXFileReference; lastKnownFileType = sourcecode.swift; path = ViewController.swift; sourceTree = "<group>"; };
		904FBEEF219C1959000BD123 /* Base */ = {isa = PBXFileReference; lastKnownFileType = file.storyboard; name = Base; path = Base.lproj/Main.storyboard; sourceTree = "<group>"; };
		904FBEF2219C1959000BD123 /* Testing1.xcdatamodel */ = {isa = PBXFileReference; lastKnownFileType = wrapper.xcdatamodel; path = Testing1.xcdatamodel; sourceTree = "<group>"; };
		904FBEF4219C195E000BD123 /* Assets.xcassets */ = {isa = PBXFileReference; lastKnownFileType = folder.assetcatalog; path = Assets.xcassets; sourceTree = "<group>"; };
		904FBEF7219C195E000BD123 /* Base */ = {isa = PBXFileReference; lastKnownFileType = file.storyboard; name = Base; path = Base.lproj/LaunchScreen.storyboard; sourceTree = "<group>"; };
		904FBEF9219C195E000BD123 /* Info.plist */ = {isa = PBXFileReference; lastKnownFileType = text.plist.xml; path = Info.plist; sourceTree = "<group>"; };
		90BD35D7219F361200782DD0 /* mikmidi-bridge-header.h */ = {isa = PBXFileReference; lastKnownFileType = sourcecode.c.h; path = "mikmidi-bridge-header.h"; sourceTree = "<group>"; };
		90BD35DB21A1899500782DD0 /* SequencerManager.swift */ = {isa = PBXFileReference; lastKnownFileType = sourcecode.swift; path = SequencerManager.swift; sourceTree = "<group>"; };
		90BD35DE21A1CD0200782DD0 /* playbt@3x.png */ = {isa = PBXFileReference; lastKnownFileType = image.png; path = "playbt@3x.png"; sourceTree = "<group>"; };
		90BD35DF21A1CD0200782DD0 /* exportbt.png */ = {isa = PBXFileReference; lastKnownFileType = image.png; path = exportbt.png; sourceTree = "<group>"; };
		90BD35E021A1CD0200782DD0 /* Bg2.png */ = {isa = PBXFileReference; lastKnownFileType = image.png; path = Bg2.png; sourceTree = "<group>"; };
		90BD35E121A1CD0200782DD0 /* playbt.png */ = {isa = PBXFileReference; lastKnownFileType = image.png; path = playbt.png; sourceTree = "<group>"; };
		90BD35E221A1CD0200782DD0 /* Background@3x.png */ = {isa = PBXFileReference; lastKnownFileType = image.png; path = "Background@3x.png"; sourceTree = "<group>"; };
		90BD35E321A1CD0200782DD0 /* Bg2@2x.png */ = {isa = PBXFileReference; lastKnownFileType = image.png; path = "Bg2@2x.png"; sourceTree = "<group>"; };
		90BD35E421A1CD0200782DD0 /* Launchscreen@3x.png */ = {isa = PBXFileReference; lastKnownFileType = image.png; path = "Launchscreen@3x.png"; sourceTree = "<group>"; };
		90BD35E521A1CD0200782DD0 /* RecordPic.png */ = {isa = PBXFileReference; lastKnownFileType = image.png; path = RecordPic.png; sourceTree = "<group>"; };
		90BD35E621A1CD0200782DD0 /* Background@2x.png */ = {isa = PBXFileReference; lastKnownFileType = image.png; path = "Background@2x.png"; sourceTree = "<group>"; };
		90BD35E721A1CD0300782DD0 /* RecordingBt@2x.png */ = {isa = PBXFileReference; lastKnownFileType = image.png; path = "RecordingBt@2x.png"; sourceTree = "<group>"; };
		90BD35E821A1CD0300782DD0 /* playbt@2x.png */ = {isa = PBXFileReference; lastKnownFileType = image.png; path = "playbt@2x.png"; sourceTree = "<group>"; };
		90BD35E921A1CD0300782DD0 /* retrybt@3x.png */ = {isa = PBXFileReference; lastKnownFileType = image.png; path = "retrybt@3x.png"; sourceTree = "<group>"; };
		90BD35EA21A1CD0300782DD0 /* exportbt@2x.png */ = {isa = PBXFileReference; lastKnownFileType = image.png; path = "exportbt@2x.png"; sourceTree = "<group>"; };
		90BD35EB21A1CD0300782DD0 /* RecordPic@3x.png */ = {isa = PBXFileReference; lastKnownFileType = image.png; path = "RecordPic@3x.png"; sourceTree = "<group>"; };
		90BD35EC21A1CD0300782DD0 /* Background.png */ = {isa = PBXFileReference; lastKnownFileType = image.png; path = Background.png; sourceTree = "<group>"; };
		90BD35ED21A1CD0300782DD0 /* RecordPic@2x.png */ = {isa = PBXFileReference; lastKnownFileType = image.png; path = "RecordPic@2x.png"; sourceTree = "<group>"; };
		90BD35EE21A1CD0300782DD0 /* retrybt@2x.png */ = {isa = PBXFileReference; lastKnownFileType = image.png; path = "retrybt@2x.png"; sourceTree = "<group>"; };
		90BD35EF21A1CD0300782DD0 /* Launchscreen.png */ = {isa = PBXFileReference; lastKnownFileType = image.png; path = Launchscreen.png; sourceTree = "<group>"; };
		90BD35F021A1CD0300782DD0 /* exportbt@3x.png */ = {isa = PBXFileReference; lastKnownFileType = image.png; path = "exportbt@3x.png"; sourceTree = "<group>"; };
		90BD35F121A1CD0300782DD0 /* Bg2@3x.png */ = {isa = PBXFileReference; lastKnownFileType = image.png; path = "Bg2@3x.png"; sourceTree = "<group>"; };
		90BD35F221A1CD0300782DD0 /* RecordingBt.png */ = {isa = PBXFileReference; lastKnownFileType = image.png; path = RecordingBt.png; sourceTree = "<group>"; };
		90BD35F321A1CD0400782DD0 /* Launchscreen@2x.png */ = {isa = PBXFileReference; lastKnownFileType = image.png; path = "Launchscreen@2x.png"; sourceTree = "<group>"; };
		90BD35F421A1CD0400782DD0 /* RecordingBt@3x.png */ = {isa = PBXFileReference; lastKnownFileType = image.png; path = "RecordingBt@3x.png"; sourceTree = "<group>"; };
		90BD35F521A1CD0400782DD0 /* retrybt.png */ = {isa = PBXFileReference; lastKnownFileType = image.png; path = retrybt.png; sourceTree = "<group>"; };
		90BD360E21A1CEFC00782DD0 /* icon.png */ = {isa = PBXFileReference; lastKnownFileType = image.png; path = icon.png; sourceTree = "<group>"; };
		90BD360F21A1CEFC00782DD0 /* icon@2x.png */ = {isa = PBXFileReference; lastKnownFileType = image.png; path = "icon@2x.png"; sourceTree = "<group>"; };
		90BD361021A1CEFC00782DD0 /* icon@3x.png */ = {isa = PBXFileReference; lastKnownFileType = image.png; path = "icon@3x.png"; sourceTree = "<group>"; };
		90BD361421A1F05500782DD0 /* micpic@2x.png */ = {isa = PBXFileReference; lastKnownFileType = image.png; path = "micpic@2x.png"; sourceTree = "<group>"; };
		90BD361521A1F05600782DD0 /* micpic@3x.png */ = {isa = PBXFileReference; lastKnownFileType = image.png; path = "micpic@3x.png"; sourceTree = "<group>"; };
		90BD361621A1F05600782DD0 /* micpic.png */ = {isa = PBXFileReference; lastKnownFileType = image.png; path = micpic.png; sourceTree = "<group>"; };
		90BD365821A1F34200782DD0 /* Icon-App-57x57@1x.png */ = {isa = PBXFileReference; lastKnownFileType = image.png; path = "Icon-App-57x57@1x.png"; sourceTree = "<group>"; };
		90BD365921A1F34200782DD0 /* Icon-App-76x76@2x.png */ = {isa = PBXFileReference; lastKnownFileType = image.png; path = "Icon-App-76x76@2x.png"; sourceTree = "<group>"; };
		90BD365A21A1F34200782DD0 /* Icon-App-29x29@1x.png */ = {isa = PBXFileReference; lastKnownFileType = image.png; path = "Icon-App-29x29@1x.png"; sourceTree = "<group>"; };
		90BD365B21A1F34200782DD0 /* Icon-App-60x60@1x.png */ = {isa = PBXFileReference; lastKnownFileType = image.png; path = "Icon-App-60x60@1x.png"; sourceTree = "<group>"; };
		90BD365C21A1F34200782DD0 /* Icon-Small-50x50@2x.png */ = {isa = PBXFileReference; lastKnownFileType = image.png; path = "Icon-Small-50x50@2x.png"; sourceTree = "<group>"; };
		90BD365D21A1F34200782DD0 /* Icon-App-40x40@1x.png */ = {isa = PBXFileReference; lastKnownFileType = image.png; path = "Icon-App-40x40@1x.png"; sourceTree = "<group>"; };
		90BD365E21A1F34200782DD0 /* Icon-App-76x76@3x.png */ = {isa = PBXFileReference; lastKnownFileType = image.png; path = "Icon-App-76x76@3x.png"; sourceTree = "<group>"; };
		90BD365F21A1F34200782DD0 /* Icon-App-72x72@1x.png */ = {isa = PBXFileReference; lastKnownFileType = image.png; path = "Icon-App-72x72@1x.png"; sourceTree = "<group>"; };
		90BD366021A1F34200782DD0 /* Icon-App-20x20@1x.png */ = {isa = PBXFileReference; lastKnownFileType = image.png; path = "Icon-App-20x20@1x.png"; sourceTree = "<group>"; };
		90BD366121A1F34200782DD0 /* Icon-App-83.5x83.5@2x.png */ = {isa = PBXFileReference; lastKnownFileType = image.png; path = "Icon-App-83.5x83.5@2x.png"; sourceTree = "<group>"; };
		90BD366221A1F34200782DD0 /* Icon-App-20x20@3x.png */ = {isa = PBXFileReference; lastKnownFileType = image.png; path = "Icon-App-20x20@3x.png"; sourceTree = "<group>"; };
		90BD366321A1F34200782DD0 /* ItunesArtwork@2x.png */ = {isa = PBXFileReference; lastKnownFileType = image.png; path = "ItunesArtwork@2x.png"; sourceTree = "<group>"; };
		90BD366421A1F34200782DD0 /* Contents.json */ = {isa = PBXFileReference; fileEncoding = 4; lastKnownFileType = text.json; path = Contents.json; sourceTree = "<group>"; };
		90BD366521A1F34200782DD0 /* Icon-App-20x20@2x.png */ = {isa = PBXFileReference; lastKnownFileType = image.png; path = "Icon-App-20x20@2x.png"; sourceTree = "<group>"; };
		90BD366621A1F34200782DD0 /* Icon-App-29x29@3x.png */ = {isa = PBXFileReference; lastKnownFileType = image.png; path = "Icon-App-29x29@3x.png"; sourceTree = "<group>"; };
		90BD366721A1F34200782DD0 /* Icon-App-40x40@2x.png */ = {isa = PBXFileReference; lastKnownFileType = image.png; path = "Icon-App-40x40@2x.png"; sourceTree = "<group>"; };
		90BD366821A1F34200782DD0 /* Icon-App-72x72@2x.png */ = {isa = PBXFileReference; lastKnownFileType = image.png; path = "Icon-App-72x72@2x.png"; sourceTree = "<group>"; };
		90BD366921A1F34200782DD0 /* Icon-App-60x60@3x.png */ = {isa = PBXFileReference; lastKnownFileType = image.png; path = "Icon-App-60x60@3x.png"; sourceTree = "<group>"; };
		90BD366A21A1F34200782DD0 /* Icon-Small-50x50@1x.png */ = {isa = PBXFileReference; lastKnownFileType = image.png; path = "Icon-Small-50x50@1x.png"; sourceTree = "<group>"; };
		90BD366B21A1F34200782DD0 /* Icon-App-60x60@2x.png */ = {isa = PBXFileReference; lastKnownFileType = image.png; path = "Icon-App-60x60@2x.png"; sourceTree = "<group>"; };
		90BD366C21A1F34200782DD0 /* Icon-App-57x57@2x.png */ = {isa = PBXFileReference; lastKnownFileType = image.png; path = "Icon-App-57x57@2x.png"; sourceTree = "<group>"; };
		90BD366D21A1F34200782DD0 /* Icon-App-76x76@1x.png */ = {isa = PBXFileReference; lastKnownFileType = image.png; path = "Icon-App-76x76@1x.png"; sourceTree = "<group>"; };
		90BD366E21A1F34200782DD0 /* Icon-App-40x40@3x.png */ = {isa = PBXFileReference; lastKnownFileType = image.png; path = "Icon-App-40x40@3x.png"; sourceTree = "<group>"; };
		90BD366F21A1F34200782DD0 /* Icon-App-29x29@2x.png */ = {isa = PBXFileReference; lastKnownFileType = image.png; path = "Icon-App-29x29@2x.png"; sourceTree = "<group>"; };
		C710D9E8ADFE1CC2FCE5D0BB /* Pods-Testing1.release.xcconfig */ = {isa = PBXFileReference; includeInIndex = 1; lastKnownFileType = text.xcconfig; name = "Pods-Testing1.release.xcconfig"; path = "Pods/Target Support Files/Pods-Testing1/Pods-Testing1.release.xcconfig"; sourceTree = "<group>"; };
/* End PBXFileReference section */

/* Begin PBXFrameworksBuildPhase section */
		904FBEE4219C1959000BD123 /* Frameworks */ = {
			isa = PBXFrameworksBuildPhase;
			buildActionMask = 2147483647;
			files = (
				675F0276C6B607A7D07870BC /* Pods_Testing1.framework in Frameworks */,
			);
			runOnlyForDeploymentPostprocessing = 0;
		};
/* End PBXFrameworksBuildPhase section */

/* Begin PBXGroup section */
		025F5D2E20BFE840D9A82362 /* Pods */ = {
			isa = PBXGroup;
			children = (
				7AC9B5D698C6C014C54E934B /* Pods-Testing1.debug.xcconfig */,
				C710D9E8ADFE1CC2FCE5D0BB /* Pods-Testing1.release.xcconfig */,
			);
			name = Pods;
			sourceTree = "<group>";
		};
		904FBEDE219C1959000BD123 = {
			isa = PBXGroup;
			children = (
				90BD365721A1F34200782DD0 /* AppIcon.appiconset */,
				90BD35DD21A1B39F00782DD0 /* Assets */,
				904FBEE9219C1959000BD123 /* Testing1 */,
				904FBEE8219C1959000BD123 /* Products */,
				025F5D2E20BFE840D9A82362 /* Pods */,
				D3A341DACD2A6B8844BB252E /* Frameworks */,
			);
			sourceTree = "<group>";
		};
		904FBEE8219C1959000BD123 /* Products */ = {
			isa = PBXGroup;
			children = (
				904FBEE7219C1959000BD123 /* Testing1.app */,
			);
			name = Products;
			sourceTree = "<group>";
		};
		904FBEE9219C1959000BD123 /* Testing1 */ = {
			isa = PBXGroup;
			children = (
				904FBEEA219C1959000BD123 /* AppDelegate.swift */,
				904FBEEC219C1959000BD123 /* ViewController.swift */,
				90BD35DB21A1899500782DD0 /* SequencerManager.swift */,
				904FBEEE219C1959000BD123 /* Main.storyboard */,
				904FBEF4219C195E000BD123 /* Assets.xcassets */,
				904FBEF6219C195E000BD123 /* LaunchScreen.storyboard */,
				904FBEF9219C195E000BD123 /* Info.plist */,
				904FBEF1219C1959000BD123 /* Testing1.xcdatamodeld */,
				90BD35D7219F361200782DD0 /* mikmidi-bridge-header.h */,
			);
			path = Testing1;
			sourceTree = "<group>";
		};
		90BD35DD21A1B39F00782DD0 /* Assets */ = {
			isa = PBXGroup;
			children = (
				90BD35EC21A1CD0300782DD0 /* Background.png */,
				90BD35E621A1CD0200782DD0 /* Background@2x.png */,
				90BD35E221A1CD0200782DD0 /* Background@3x.png */,
				90BD35E021A1CD0200782DD0 /* Bg2.png */,
				90BD35E321A1CD0200782DD0 /* Bg2@2x.png */,
				90BD35F121A1CD0300782DD0 /* Bg2@3x.png */,
				90BD35DF21A1CD0200782DD0 /* exportbt.png */,
				90BD35EA21A1CD0300782DD0 /* exportbt@2x.png */,
				90BD35F021A1CD0300782DD0 /* exportbt@3x.png */,
				90BD35E121A1CD0200782DD0 /* playbt.png */,
				90BD35E821A1CD0300782DD0 /* playbt@2x.png */,
				90BD360E21A1CEFC00782DD0 /* icon.png */,
				90BD360F21A1CEFC00782DD0 /* icon@2x.png */,
				90BD361021A1CEFC00782DD0 /* icon@3x.png */,
				90BD35EF21A1CD0300782DD0 /* Launchscreen.png */,
				90BD35F321A1CD0400782DD0 /* Launchscreen@2x.png */,
				90BD361621A1F05600782DD0 /* micpic.png */,
				90BD361421A1F05500782DD0 /* micpic@2x.png */,
				90BD361521A1F05600782DD0 /* micpic@3x.png */,
				90BD35E421A1CD0200782DD0 /* Launchscreen@3x.png */,
				90BD35DE21A1CD0200782DD0 /* playbt@3x.png */,
				90BD35F221A1CD0300782DD0 /* RecordingBt.png */,
				90BD35E721A1CD0300782DD0 /* RecordingBt@2x.png */,
				90BD35F421A1CD0400782DD0 /* RecordingBt@3x.png */,
				90BD35E521A1CD0200782DD0 /* RecordPic.png */,
				90BD35ED21A1CD0300782DD0 /* RecordPic@2x.png */,
				90BD35EB21A1CD0300782DD0 /* RecordPic@3x.png */,
				90BD35F521A1CD0400782DD0 /* retrybt.png */,
				90BD35EE21A1CD0300782DD0 /* retrybt@2x.png */,
				90BD35E921A1CD0300782DD0 /* retrybt@3x.png */,
			);
			path = Assets;
			sourceTree = "<group>";
		};
		90BD365721A1F34200782DD0 /* AppIcon.appiconset */ = {
			isa = PBXGroup;
			children = (
				90BD365821A1F34200782DD0 /* Icon-App-57x57@1x.png */,
				90BD365921A1F34200782DD0 /* Icon-App-76x76@2x.png */,
				90BD365A21A1F34200782DD0 /* Icon-App-29x29@1x.png */,
				90BD365B21A1F34200782DD0 /* Icon-App-60x60@1x.png */,
				90BD365C21A1F34200782DD0 /* Icon-Small-50x50@2x.png */,
				90BD365D21A1F34200782DD0 /* Icon-App-40x40@1x.png */,
				90BD365E21A1F34200782DD0 /* Icon-App-76x76@3x.png */,
				90BD365F21A1F34200782DD0 /* Icon-App-72x72@1x.png */,
				90BD366021A1F34200782DD0 /* Icon-App-20x20@1x.png */,
				90BD366121A1F34200782DD0 /* Icon-App-83.5x83.5@2x.png */,
				90BD366221A1F34200782DD0 /* Icon-App-20x20@3x.png */,
				90BD366321A1F34200782DD0 /* ItunesArtwork@2x.png */,
				90BD366421A1F34200782DD0 /* Contents.json */,
				90BD366521A1F34200782DD0 /* Icon-App-20x20@2x.png */,
				90BD366621A1F34200782DD0 /* Icon-App-29x29@3x.png */,
				90BD366721A1F34200782DD0 /* Icon-App-40x40@2x.png */,
				90BD366821A1F34200782DD0 /* Icon-App-72x72@2x.png */,
				90BD366921A1F34200782DD0 /* Icon-App-60x60@3x.png */,
				90BD366A21A1F34200782DD0 /* Icon-Small-50x50@1x.png */,
				90BD366B21A1F34200782DD0 /* Icon-App-60x60@2x.png */,
				90BD366C21A1F34200782DD0 /* Icon-App-57x57@2x.png */,
				90BD366D21A1F34200782DD0 /* Icon-App-76x76@1x.png */,
				90BD366E21A1F34200782DD0 /* Icon-App-40x40@3x.png */,
				90BD366F21A1F34200782DD0 /* Icon-App-29x29@2x.png */,
			);
			path = AppIcon.appiconset;
			sourceTree = "<group>";
		};
		D3A341DACD2A6B8844BB252E /* Frameworks */ = {
			isa = PBXGroup;
			children = (
				5D0C02CB0B97762ADB7B5499 /* Pods_Testing1.framework */,
			);
			name = Frameworks;
			sourceTree = "<group>";
		};
/* End PBXGroup section */

/* Begin PBXNativeTarget section */
		904FBEE6219C1959000BD123 /* Testing1 */ = {
			isa = PBXNativeTarget;
			buildConfigurationList = 904FBEFC219C195E000BD123 /* Build configuration list for PBXNativeTarget "Testing1" */;
			buildPhases = (
				7BA162E6635601B99795F8BA /* [CP] Check Pods Manifest.lock */,
				904FBEE3219C1959000BD123 /* Sources */,
				904FBEE4219C1959000BD123 /* Frameworks */,
				904FBEE5219C1959000BD123 /* Resources */,
				62BC86147E6E53DEC65BF4BC /* [CP] Embed Pods Frameworks */,
			);
			buildRules = (
			);
			dependencies = (
			);
			name = Testing1;
			productName = Testing1;
			productReference = 904FBEE7219C1959000BD123 /* Testing1.app */;
			productType = "com.apple.product-type.application";
		};
/* End PBXNativeTarget section */

/* Begin PBXProject section */
		904FBEDF219C1959000BD123 /* Project object */ = {
			isa = PBXProject;
			attributes = {
				LastSwiftUpdateCheck = 1000;
				LastUpgradeCheck = 1000;
				ORGANIZATIONNAME = "Log G Cheng";
				TargetAttributes = {
					904FBEE6219C1959000BD123 = {
						CreatedOnToolsVersion = 10.0;
					};
				};
			};
			buildConfigurationList = 904FBEE2219C1959000BD123 /* Build configuration list for PBXProject "Testing1" */;
			compatibilityVersion = "Xcode 9.3";
			developmentRegion = en;
			hasScannedForEncodings = 0;
			knownRegions = (
				en,
				Base,
			);
			mainGroup = 904FBEDE219C1959000BD123;
			productRefGroup = 904FBEE8219C1959000BD123 /* Products */;
			projectDirPath = "";
			projectRoot = "";
			targets = (
				904FBEE6219C1959000BD123 /* Testing1 */,
			);
		};
/* End PBXProject section */

/* Begin PBXResourcesBuildPhase section */
		904FBEE5219C1959000BD123 /* Resources */ = {
			isa = PBXResourcesBuildPhase;
			buildActionMask = 2147483647;
			files = (
				90BD361821A1F05600782DD0 /* micpic@3x.png in Resources */,
				90BD360821A1CD0400782DD0 /* exportbt@3x.png in Resources */,
				90BD368721A1F34300782DD0 /* Icon-App-29x29@2x.png in Resources */,
				90BD361221A1CEFC00782DD0 /* icon@2x.png in Resources */,
				90BD361321A1CEFC00782DD0 /* icon@3x.png in Resources */,
				90BD368321A1F34300782DD0 /* Icon-App-60x60@2x.png in Resources */,
				90BD367421A1F34300782DD0 /* Icon-Small-50x50@2x.png in Resources */,
				90BD367E21A1F34300782DD0 /* Icon-App-29x29@3x.png in Resources */,
				90BD360A21A1CD0400782DD0 /* RecordingBt.png in Resources */,
				90BD35F621A1CD0400782DD0 /* playbt@3x.png in Resources */,
				90BD367A21A1F34300782DD0 /* Icon-App-20x20@3x.png in Resources */,
				90BD368121A1F34300782DD0 /* Icon-App-60x60@3x.png in Resources */,
				90BD360921A1CD0400782DD0 /* Bg2@3x.png in Resources */,
				90BD35FB21A1CD0400782DD0 /* Bg2@2x.png in Resources */,
				90BD367721A1F34300782DD0 /* Icon-App-72x72@1x.png in Resources */,
				90BD35FA21A1CD0400782DD0 /* Background@3x.png in Resources */,
				90BD360021A1CD0400782DD0 /* playbt@2x.png in Resources */,
				904FBEF8219C195E000BD123 /* LaunchScreen.storyboard in Resources */,
				90BD368521A1F34300782DD0 /* Icon-App-76x76@1x.png in Resources */,
				90BD361121A1CEFC00782DD0 /* icon.png in Resources */,
				90BD360621A1CD0400782DD0 /* retrybt@2x.png in Resources */,
				90BD367F21A1F34300782DD0 /* Icon-App-40x40@2x.png in Resources */,
				90BD360B21A1CD0400782DD0 /* Launchscreen@2x.png in Resources */,
				90BD367C21A1F34300782DD0 /* Contents.json in Resources */,
				904FBEF5219C195E000BD123 /* Assets.xcassets in Resources */,
				904FBEF0219C1959000BD123 /* Main.storyboard in Resources */,
				90BD368021A1F34300782DD0 /* Icon-App-72x72@2x.png in Resources */,
				90BD367621A1F34300782DD0 /* Icon-App-76x76@3x.png in Resources */,
				90BD35F721A1CD0400782DD0 /* exportbt.png in Resources */,
				90BD367D21A1F34300782DD0 /* Icon-App-20x20@2x.png in Resources */,
				90BD367121A1F34300782DD0 /* Icon-App-76x76@2x.png in Resources */,
				90BD367921A1F34300782DD0 /* Icon-App-83.5x83.5@2x.png in Resources */,
				90BD361921A1F05600782DD0 /* micpic.png in Resources */,
				90BD367321A1F34300782DD0 /* Icon-App-60x60@1x.png in Resources */,
				90BD360221A1CD0400782DD0 /* exportbt@2x.png in Resources */,
				90BD360721A1CD0400782DD0 /* Launchscreen.png in Resources */,
				90BD361721A1F05600782DD0 /* micpic@2x.png in Resources */,
				90BD360C21A1CD0400782DD0 /* RecordingBt@3x.png in Resources */,
				90BD35FC21A1CD0400782DD0 /* Launchscreen@3x.png in Resources */,
				90BD360521A1CD0400782DD0 /* RecordPic@2x.png in Resources */,
				90BD368621A1F34300782DD0 /* Icon-App-40x40@3x.png in Resources */,
				90BD368421A1F34300782DD0 /* Icon-App-57x57@2x.png in Resources */,
				90BD35FE21A1CD0400782DD0 /* Background@2x.png in Resources */,
				90BD360321A1CD0400782DD0 /* RecordPic@3x.png in Resources */,
				90BD35FD21A1CD0400782DD0 /* RecordPic.png in Resources */,
				90BD35F821A1CD0400782DD0 /* Bg2.png in Resources */,
				90BD368221A1F34300782DD0 /* Icon-Small-50x50@1x.png in Resources */,
				90BD35FF21A1CD0400782DD0 /* RecordingBt@2x.png in Resources */,
				90BD367021A1F34300782DD0 /* Icon-App-57x57@1x.png in Resources */,
				90BD367821A1F34300782DD0 /* Icon-App-20x20@1x.png in Resources */,
				90BD367521A1F34300782DD0 /* Icon-App-40x40@1x.png in Resources */,
				90BD360D21A1CD0400782DD0 /* retrybt.png in Resources */,
				90BD360421A1CD0400782DD0 /* Background.png in Resources */,
				90BD360121A1CD0400782DD0 /* retrybt@3x.png in Resources */,
				90BD35F921A1CD0400782DD0 /* playbt.png in Resources */,
				90BD367221A1F34300782DD0 /* Icon-App-29x29@1x.png in Resources */,
				90BD367B21A1F34300782DD0 /* ItunesArtwork@2x.png in Resources */,
			);
			runOnlyForDeploymentPostprocessing = 0;
		};
/* End PBXResourcesBuildPhase section */

/* Begin PBXShellScriptBuildPhase section */
		62BC86147E6E53DEC65BF4BC /* [CP] Embed Pods Frameworks */ = {
			isa = PBXShellScriptBuildPhase;
			buildActionMask = 2147483647;
			files = (
			);
			inputFileListPaths = (
			);
			inputPaths = (
				"${SRCROOT}/Pods/Target Support Files/Pods-Testing1/Pods-Testing1-frameworks.sh",
				"${BUILT_PRODUCTS_DIR}/Beethoven/Beethoven.framework",
				"${BUILT_PRODUCTS_DIR}/Pitchy/Pitchy.framework",
			);
			name = "[CP] Embed Pods Frameworks";
			outputFileListPaths = (
			);
			outputPaths = (
				"${TARGET_BUILD_DIR}/${FRAMEWORKS_FOLDER_PATH}/Beethoven.framework",
				"${TARGET_BUILD_DIR}/${FRAMEWORKS_FOLDER_PATH}/Pitchy.framework",
			);
			runOnlyForDeploymentPostprocessing = 0;
			shellPath = /bin/sh;
			shellScript = "\"${SRCROOT}/Pods/Target Support Files/Pods-Testing1/Pods-Testing1-frameworks.sh\"\n";
			showEnvVarsInLog = 0;
		};
		7BA162E6635601B99795F8BA /* [CP] Check Pods Manifest.lock */ = {
			isa = PBXShellScriptBuildPhase;
			buildActionMask = 2147483647;
			files = (
			);
			inputFileListPaths = (
			);
			inputPaths = (
				"${PODS_PODFILE_DIR_PATH}/Podfile.lock",
				"${PODS_ROOT}/Manifest.lock",
			);
			name = "[CP] Check Pods Manifest.lock";
			outputFileListPaths = (
			);
			outputPaths = (
				"$(DERIVED_FILE_DIR)/Pods-Testing1-checkManifestLockResult.txt",
			);
			runOnlyForDeploymentPostprocessing = 0;
			shellPath = /bin/sh;
			shellScript = "diff \"${PODS_PODFILE_DIR_PATH}/Podfile.lock\" \"${PODS_ROOT}/Manifest.lock\" > /dev/null\nif [ $? != 0 ] ; then\n    # print error to STDERR\n    echo \"error: The sandbox is not in sync with the Podfile.lock. Run 'pod install' or update your CocoaPods installation.\" >&2\n    exit 1\nfi\n# This output is used by Xcode 'outputs' to avoid re-running this script phase.\necho \"SUCCESS\" > \"${SCRIPT_OUTPUT_FILE_0}\"\n";
			showEnvVarsInLog = 0;
		};
/* End PBXShellScriptBuildPhase section */

/* Begin PBXSourcesBuildPhase section */
		904FBEE3219C1959000BD123 /* Sources */ = {
			isa = PBXSourcesBuildPhase;
			buildActionMask = 2147483647;
			files = (
				904FBEED219C1959000BD123 /* ViewController.swift in Sources */,
				904FBEEB219C1959000BD123 /* AppDelegate.swift in Sources */,
				904FBEF3219C1959000BD123 /* Testing1.xcdatamodeld in Sources */,
				90BD35DC21A1899500782DD0 /* SequencerManager.swift in Sources */,
			);
			runOnlyForDeploymentPostprocessing = 0;
		};
/* End PBXSourcesBuildPhase section */

/* Begin PBXVariantGroup section */
		904FBEEE219C1959000BD123 /* Main.storyboard */ = {
			isa = PBXVariantGroup;
			children = (
				904FBEEF219C1959000BD123 /* Base */,
			);
			name = Main.storyboard;
			sourceTree = "<group>";
		};
		904FBEF6219C195E000BD123 /* LaunchScreen.storyboard */ = {
			isa = PBXVariantGroup;
			children = (
				904FBEF7219C195E000BD123 /* Base */,
			);
			name = LaunchScreen.storyboard;
			sourceTree = "<group>";
		};
/* End PBXVariantGroup section */

/* Begin XCBuildConfiguration section */
		904FBEFA219C195E000BD123 /* Debug */ = {
			isa = XCBuildConfiguration;
			buildSettings = {
				ALWAYS_SEARCH_USER_PATHS = NO;
				CLANG_ANALYZER_NONNULL = YES;
				CLANG_ANALYZER_NUMBER_OBJECT_CONVERSION = YES_AGGRESSIVE;
				CLANG_CXX_LANGUAGE_STANDARD = "gnu++14";
				CLANG_CXX_LIBRARY = "libc++";
				CLANG_ENABLE_MODULES = YES;
				CLANG_ENABLE_OBJC_ARC = YES;
				CLANG_ENABLE_OBJC_WEAK = YES;
				CLANG_WARN_BLOCK_CAPTURE_AUTORELEASING = YES;
				CLANG_WARN_BOOL_CONVERSION = YES;
				CLANG_WARN_COMMA = YES;
				CLANG_WARN_CONSTANT_CONVERSION = YES;
				CLANG_WARN_DEPRECATED_OBJC_IMPLEMENTATIONS = YES;
				CLANG_WARN_DIRECT_OBJC_ISA_USAGE = YES_ERROR;
				CLANG_WARN_DOCUMENTATION_COMMENTS = YES;
				CLANG_WARN_EMPTY_BODY = YES;
				CLANG_WARN_ENUM_CONVERSION = YES;
				CLANG_WARN_INFINITE_RECURSION = YES;
				CLANG_WARN_INT_CONVERSION = YES;
				CLANG_WARN_NON_LITERAL_NULL_CONVERSION = YES;
				CLANG_WARN_OBJC_IMPLICIT_RETAIN_SELF = YES;
				CLANG_WARN_OBJC_LITERAL_CONVERSION = YES;
				CLANG_WARN_OBJC_ROOT_CLASS = YES_ERROR;
				CLANG_WARN_RANGE_LOOP_ANALYSIS = YES;
				CLANG_WARN_STRICT_PROTOTYPES = YES;
				CLANG_WARN_SUSPICIOUS_MOVE = YES;
				CLANG_WARN_UNGUARDED_AVAILABILITY = YES_AGGRESSIVE;
				CLANG_WARN_UNREACHABLE_CODE = YES;
				CLANG_WARN__DUPLICATE_METHOD_MATCH = YES;
				CODE_SIGN_IDENTITY = "iPhone Developer";
				COPY_PHASE_STRIP = NO;
				DEBUG_INFORMATION_FORMAT = dwarf;
				ENABLE_STRICT_OBJC_MSGSEND = YES;
				ENABLE_TESTABILITY = YES;
				GCC_C_LANGUAGE_STANDARD = gnu11;
				GCC_DYNAMIC_NO_PIC = NO;
				GCC_NO_COMMON_BLOCKS = YES;
				GCC_OPTIMIZATION_LEVEL = 0;
				GCC_PREPROCESSOR_DEFINITIONS = (
					"DEBUG=1",
					"$(inherited)",
				);
				GCC_WARN_64_TO_32_BIT_CONVERSION = YES;
				GCC_WARN_ABOUT_RETURN_TYPE = YES_ERROR;
				GCC_WARN_UNDECLARED_SELECTOR = YES;
				GCC_WARN_UNINITIALIZED_AUTOS = YES_AGGRESSIVE;
				GCC_WARN_UNUSED_FUNCTION = YES;
				GCC_WARN_UNUSED_VARIABLE = YES;
				IPHONEOS_DEPLOYMENT_TARGET = 12.0;
				MTL_ENABLE_DEBUG_INFO = INCLUDE_SOURCE;
				MTL_FAST_MATH = YES;
				ONLY_ACTIVE_ARCH = YES;
				SDKROOT = iphoneos;
				SWIFT_ACTIVE_COMPILATION_CONDITIONS = DEBUG;
				SWIFT_OPTIMIZATION_LEVEL = "-Onone";
			};
			name = Debug;
		};
		904FBEFB219C195E000BD123 /* Release */ = {
			isa = XCBuildConfiguration;
			buildSettings = {
				ALWAYS_SEARCH_USER_PATHS = NO;
				CLANG_ANALYZER_NONNULL = YES;
				CLANG_ANALYZER_NUMBER_OBJECT_CONVERSION = YES_AGGRESSIVE;
				CLANG_CXX_LANGUAGE_STANDARD = "gnu++14";
				CLANG_CXX_LIBRARY = "libc++";
				CLANG_ENABLE_MODULES = YES;
				CLANG_ENABLE_OBJC_ARC = YES;
				CLANG_ENABLE_OBJC_WEAK = YES;
				CLANG_WARN_BLOCK_CAPTURE_AUTORELEASING = YES;
				CLANG_WARN_BOOL_CONVERSION = YES;
				CLANG_WARN_COMMA = YES;
				CLANG_WARN_CONSTANT_CONVERSION = YES;
				CLANG_WARN_DEPRECATED_OBJC_IMPLEMENTATIONS = YES;
				CLANG_WARN_DIRECT_OBJC_ISA_USAGE = YES_ERROR;
				CLANG_WARN_DOCUMENTATION_COMMENTS = YES;
				CLANG_WARN_EMPTY_BODY = YES;
				CLANG_WARN_ENUM_CONVERSION = YES;
				CLANG_WARN_INFINITE_RECURSION = YES;
				CLANG_WARN_INT_CONVERSION = YES;
				CLANG_WARN_NON_LITERAL_NULL_CONVERSION = YES;
				CLANG_WARN_OBJC_IMPLICIT_RETAIN_SELF = YES;
				CLANG_WARN_OBJC_LITERAL_CONVERSION = YES;
				CLANG_WARN_OBJC_ROOT_CLASS = YES_ERROR;
				CLANG_WARN_RANGE_LOOP_ANALYSIS = YES;
				CLANG_WARN_STRICT_PROTOTYPES = YES;
				CLANG_WARN_SUSPICIOUS_MOVE = YES;
				CLANG_WARN_UNGUARDED_AVAILABILITY = YES_AGGRESSIVE;
				CLANG_WARN_UNREACHABLE_CODE = YES;
				CLANG_WARN__DUPLICATE_METHOD_MATCH = YES;
				CODE_SIGN_IDENTITY = "iPhone Developer";
				COPY_PHASE_STRIP = NO;
				DEBUG_INFORMATION_FORMAT = "dwarf-with-dsym";
				ENABLE_NS_ASSERTIONS = NO;
				ENABLE_STRICT_OBJC_MSGSEND = YES;
				GCC_C_LANGUAGE_STANDARD = gnu11;
				GCC_NO_COMMON_BLOCKS = YES;
				GCC_WARN_64_TO_32_BIT_CONVERSION = YES;
				GCC_WARN_ABOUT_RETURN_TYPE = YES_ERROR;
				GCC_WARN_UNDECLARED_SELECTOR = YES;
				GCC_WARN_UNINITIALIZED_AUTOS = YES_AGGRESSIVE;
				GCC_WARN_UNUSED_FUNCTION = YES;
				GCC_WARN_UNUSED_VARIABLE = YES;
				IPHONEOS_DEPLOYMENT_TARGET = 12.0;
				MTL_ENABLE_DEBUG_INFO = NO;
				MTL_FAST_MATH = YES;
				SDKROOT = iphoneos;
				SWIFT_COMPILATION_MODE = wholemodule;
				SWIFT_OPTIMIZATION_LEVEL = "-O";
				VALIDATE_PRODUCT = YES;
			};
			name = Release;
		};
		904FBEFD219C195E000BD123 /* Debug */ = {
			isa = XCBuildConfiguration;
			baseConfigurationReference = 7AC9B5D698C6C014C54E934B /* Pods-Testing1.debug.xcconfig */;
			buildSettings = {
				ASSETCATALOG_COMPILER_APPICON_NAME = "AppIcon-1";
				CODE_SIGN_STYLE = Automatic;
				DEVELOPMENT_TEAM = XGA7372DZG;
				INFOPLIST_FILE = Testing1/Info.plist;
				LD_RUNPATH_SEARCH_PATHS = (
					"$(inherited)",
					"@executable_path/Frameworks",
				);
				PRODUCT_BUNDLE_IDENTIFIER = com.logg.Testing1;
				PRODUCT_NAME = "$(TARGET_NAME)";
				SWIFT_VERSION = 4.2;
				TARGETED_DEVICE_FAMILY = "1,2";
			};
			name = Debug;
		};
		904FBEFE219C195E000BD123 /* Release */ = {
			isa = XCBuildConfiguration;
			baseConfigurationReference = C710D9E8ADFE1CC2FCE5D0BB /* Pods-Testing1.release.xcconfig */;
			buildSettings = {
				ASSETCATALOG_COMPILER_APPICON_NAME = "AppIcon-1";
				CODE_SIGN_STYLE = Automatic;
				DEVELOPMENT_TEAM = XGA7372DZG;
				INFOPLIST_FILE = Testing1/Info.plist;
				LD_RUNPATH_SEARCH_PATHS = (
					"$(inherited)",
					"@executable_path/Frameworks",
				);
				PRODUCT_BUNDLE_IDENTIFIER = com.logg.Testing1;
				PRODUCT_NAME = "$(TARGET_NAME)";
				SWIFT_VERSION = 4.2;
				TARGETED_DEVICE_FAMILY = "1,2";
			};
			name = Release;
		};
/* End XCBuildConfiguration section */

/* Begin XCConfigurationList section */
		904FBEE2219C1959000BD123 /* Build configuration list for PBXProject "Testing1" */ = {
			isa = XCConfigurationList;
			buildConfigurations = (
				904FBEFA219C195E000BD123 /* Debug */,
				904FBEFB219C195E000BD123 /* Release */,
			);
			defaultConfigurationIsVisible = 0;
			defaultConfigurationName = Release;
		};
		904FBEFC219C195E000BD123 /* Build configuration list for PBXNativeTarget "Testing1" */ = {
			isa = XCConfigurationList;
			buildConfigurations = (
				904FBEFD219C195E000BD123 /* Debug */,
				904FBEFE219C195E000BD123 /* Release */,
			);
			defaultConfigurationIsVisible = 0;
			defaultConfigurationName = Release;
		};
/* End XCConfigurationList section */

/* Begin XCVersionGroup section */
		904FBEF1219C1959000BD123 /* Testing1.xcdatamodeld */ = {
			isa = XCVersionGroup;
			children = (
				904FBEF2219C1959000BD123 /* Testing1.xcdatamodel */,
			);
			currentVersion = 904FBEF2219C1959000BD123 /* Testing1.xcdatamodel */;
			path = Testing1.xcdatamodeld;
			sourceTree = "<group>";
			versionGroupType = wrapper.xcdatamodel;
		};
/* End XCVersionGroup section */
	};
	rootObject = 904FBEDF219C1959000BD123 /* Project object */;
}
